
Microsoft Visual Studio Solution File, Format Version 12.00
# Visual Studio Version 17
VisualStudioVersion = 17.2.32630.192
MinimumVisualStudioVersion = 10.0.40219.1
Project("{FAE04EC0-301F-11D3-BF4B-00C04F79EFBC}") = "WebApplication2", "WebApplication2\WebApplication2.csproj", "{BA3856D1-BE47-4297-9211-39903A5BF639}"
EndProject
Global
	GlobalSection(SolutionConfigurationPlatforms) = preSolution
		Debug|Any CPU = Debug|Any CPU
		Release|Any CPU = Release|Any CPU
	EndGlobalSection
	GlobalSection(ProjectConfigurationPlatforms) = postSolution
		{BA3856D1-BE47-4297-9211-39903A5BF639}.Debug|Any CPU.ActiveCfg = Debug|Any CPU
		{BA3856D1-BE47-4297-9211-39903A5BF639}.Debug|Any CPU.Build.0 = Debug|Any CPU
		{BA3856D1-BE47-4297-9211-39903A5BF639}.Release|Any CPU.ActiveCfg = Release|Any CPU
		{BA3856D1-BE47-4297-9211-39903A5BF639}.Release|Any CPU.Build.0 = Release|Any CPU
	EndGlobalSection
	GlobalSection(SolutionProperties) = preSolution
		HideSolutionNode = FALSE
	EndGlobalSection
	GlobalSection(ExtensibilityGlobals) = postSolution
		SolutionGuid = {8F87C034-565A-4AB7-A240-6F3C24E213F9}
	EndGlobalSection
EndGlobal
